
Microsoft Visual Studio Solution File, Format Version 12.00
# Visual Studio Version 16
VisualStudioVersion = 16.0.31702.278
MinimumVisualStudioVersion = 10.0.40219.1
Project("{FAE04EC0-301F-11D3-BF4B-00C04F79EFBC}") = "pr15", "pr15\pr15.csproj", "{9E82632F-E8A2-4270-93EA-76AADAD135AB}"
EndProject
Global
	GlobalSection(SolutionConfigurationPlatforms) = preSolution
		Debug|Any CPU = Debug|Any CPU
		Release|Any CPU = Release|Any CPU
	EndGlobalSection
	GlobalSection(ProjectConfigurationPlatforms) = postSolution
		{9E82632F-E8A2-4270-93EA-76AADAD135AB}.Debug|Any CPU.ActiveCfg = Debug|Any CPU
		{9E82632F-E8A2-4270-93EA-76AADAD135AB}.Debug|Any CPU.Build.0 = Debug|Any CPU
		{9E82632F-E8A2-4270-93EA-76AADAD135AB}.Release|Any CPU.ActiveCfg = Release|Any CPU
		{9E82632F-E8A2-4270-93EA-76AADAD135AB}.Release|Any CPU.Build.0 = Release|Any CPU
	EndGlobalSection
	GlobalSection(SolutionProperties) = preSolution
		HideSolutionNode = FALSE
	EndGlobalSection
	GlobalSection(ExtensibilityGlobals) = postSolution
		SolutionGuid = {F21B0752-AAD6-4694-AD68-2F9DB88F98B7}
	EndGlobalSection
EndGlobal
