
Microsoft Visual Studio Solution File, Format Version 12.00
# Visual Studio Version 16
VisualStudioVersion = 16.0.31702.278
MinimumVisualStudioVersion = 10.0.40219.1
Project("{FAE04EC0-301F-11D3-BF4B-00C04F79EFBC}") = "pr2", "pr2\pr2.csproj", "{0BA844FC-AB44-4740-8CCA-733CDBB6D371}"
EndProject
Global
	GlobalSection(SolutionConfigurationPlatforms) = preSolution
		Debug|Any CPU = Debug|Any CPU
		Release|Any CPU = Release|Any CPU
	EndGlobalSection
	GlobalSection(ProjectConfigurationPlatforms) = postSolution
		{0BA844FC-AB44-4740-8CCA-733CDBB6D371}.Debug|Any CPU.ActiveCfg = Debug|Any CPU
		{0BA844FC-AB44-4740-8CCA-733CDBB6D371}.Debug|Any CPU.Build.0 = Debug|Any CPU
		{0BA844FC-AB44-4740-8CCA-733CDBB6D371}.Release|Any CPU.ActiveCfg = Release|Any CPU
		{0BA844FC-AB44-4740-8CCA-733CDBB6D371}.Release|Any CPU.Build.0 = Release|Any CPU
	EndGlobalSection
	GlobalSection(SolutionProperties) = preSolution
		HideSolutionNode = FALSE
	EndGlobalSection
	GlobalSection(ExtensibilityGlobals) = postSolution
		SolutionGuid = {A862EA5B-121B-42E9-9D54-DEB445572939}
	EndGlobalSection
EndGlobal
