
Microsoft Visual Studio Solution File, Format Version 12.00
# Visual Studio Version 16
VisualStudioVersion = 16.0.31702.278
MinimumVisualStudioVersion = 10.0.40219.1
Project("{FAE04EC0-301F-11D3-BF4B-00C04F79EFBC}") = "pr7", "pr7\pr7.csproj", "{24DF096B-57B8-4E4C-91C1-EC8FA6B152DE}"
EndProject
Global
	GlobalSection(SolutionConfigurationPlatforms) = preSolution
		Debug|Any CPU = Debug|Any CPU
		Release|Any CPU = Release|Any CPU
	EndGlobalSection
	GlobalSection(ProjectConfigurationPlatforms) = postSolution
		{24DF096B-57B8-4E4C-91C1-EC8FA6B152DE}.Debug|Any CPU.ActiveCfg = Debug|Any CPU
		{24DF096B-57B8-4E4C-91C1-EC8FA6B152DE}.Debug|Any CPU.Build.0 = Debug|Any CPU
		{24DF096B-57B8-4E4C-91C1-EC8FA6B152DE}.Release|Any CPU.ActiveCfg = Release|Any CPU
		{24DF096B-57B8-4E4C-91C1-EC8FA6B152DE}.Release|Any CPU.Build.0 = Release|Any CPU
	EndGlobalSection
	GlobalSection(SolutionProperties) = preSolution
		HideSolutionNode = FALSE
	EndGlobalSection
	GlobalSection(ExtensibilityGlobals) = postSolution
		SolutionGuid = {2A320525-356B-47AC-B147-8356FDDE28ED}
	EndGlobalSection
EndGlobal
